// !$*UTF8*$!
{
	archiveVersion = 1;
	classes = {
	};
	objectVersion = 77;
	objects = {

/* Begin PBXBuildFile section */
		F8337F1E2E20BAE1006FC08D /* RecordModel.swift in Sources */ = {isa = PBXBuildFile; fileRef = F8337F1D2E20BAE1006FC08D /* RecordModel.swift */; };
		F8337F202E20BC37006FC08D /* RecordListViewModel.swift in Sources */ = {isa = PBXBuildFile; fileRef = F8337F1F2E20BC37006FC08D /* RecordListViewModel.swift */; };
		F8337F582E20DE30006FC08D /* RealmSwift in Frameworks */ = {isa = PBXBuildFile; productRef = F8337F572E20DE30006FC08D /* RealmSwift */; };
		F8337F5D2E20EDD5006FC08D /* DateExtensions.swift in Sources */ = {isa = PBXBuildFile; fileRef = F8337F5C2E20EDD5006FC08D /* DateExtensions.swift */; };
		F8341DEB2E1FD53900328BF8 /* Record.swift in Sources */ = {isa = PBXBuildFile; fileRef = F8341DE22E1FD53900328BF8 /* Record.swift */; };
		F8341DEC2E1FD53900328BF8 /* RecordRepository.swift in Sources */ = {isa = PBXBuildFile; fileRef = F8341DE32E1FD53900328BF8 /* RecordRepository.swift */; };
		F8341DED2E1FD53900328BF8 /* ContentView.swift in Sources */ = {isa = PBXBuildFile; fileRef = F8341DE62E1FD53900328BF8 /* ContentView.swift */; };
		F8341DEE2E1FD53900328BF8 /* Pee_iOSApp.swift in Sources */ = {isa = PBXBuildFile; fileRef = F8341DE72E1FD53900328BF8 /* Pee_iOSApp.swift */; };
		F8341DEF2E1FD53900328BF8 /* RecordingView.swift in Sources */ = {isa = PBXBuildFile; fileRef = F8341DE82E1FD53900328BF8 /* RecordingView.swift */; };
		F8341DF02E1FD53900328BF8 /* RecordListView.swift in Sources */ = {isa = PBXBuildFile; fileRef = F8341DE92E1FD53900328BF8 /* RecordListView.swift */; };
		F8341DF12E1FD53900328BF8 /* Assets.xcassets in Resources */ = {isa = PBXBuildFile; fileRef = F8341DE52E1FD53900328BF8 /* Assets.xcassets */; };
		F86F6B8B2E2005FB00D8BC3D /* RecordViewModel.swift in Sources */ = {isa = PBXBuildFile; fileRef = F86F6B8A2E2005FB00D8BC3D /* RecordViewModel.swift */; };
		F885FFAB2E24B7CF00D32638 /* TodayAmountUseCase.swift in Sources */ = {isa = PBXBuildFile; fileRef = F885FFAA2E24B7CF00D32638 /* TodayAmountUseCase.swift */; };
		F885FFAD2E24B93300D32638 /* TodayTimesUseCase.swift in Sources */ = {isa = PBXBuildFile; fileRef = F885FFAC2E24B93300D32638 /* TodayTimesUseCase.swift */; };
		F885FFAF2E24BA4700D32638 /* TodayPerIntervalUseCase.swift in Sources */ = {isa = PBXBuildFile; fileRef = F885FFAE2E24BA4700D32638 /* TodayPerIntervalUseCase.swift */; };
		F885FFB12E24D1B600D32638 /* UrineServiceful.swift in Sources */ = {isa = PBXBuildFile; fileRef = F885FFB02E24D1B600D32638 /* UrineServiceful.swift */; };
		F885FFB32E24D1BC00D32638 /* HomeViewModel.swift in Sources */ = {isa = PBXBuildFile; fileRef = F885FFB22E24D1BC00D32638 /* HomeViewModel.swift */; };
		F88F191B2E21F2BC00180E06 /* Route.swift in Sources */ = {isa = PBXBuildFile; fileRef = F88F191A2E21F2BC00180E06 /* Route.swift */; };
		F88F191D2E21F2C900180E06 /* RecordCoordinator.swift in Sources */ = {isa = PBXBuildFile; fileRef = F88F191C2E21F2C900180E06 /* RecordCoordinator.swift */; };
/* End PBXBuildFile section */

/* Begin PBXContainerItemProxy section */
		F85CCF072E1E258300909F0A /* PBXContainerItemProxy */ = {
			isa = PBXContainerItemProxy;
			containerPortal = F85CCEF12E1E258000909F0A /* Project object */;
			proxyType = 1;
			remoteGlobalIDString = F85CCEF82E1E258000909F0A;
			remoteInfo = "Pee-iOS";
		};
		F85CCF112E1E258300909F0A /* PBXContainerItemProxy */ = {
			isa = PBXContainerItemProxy;
			containerPortal = F85CCEF12E1E258000909F0A /* Project object */;
			proxyType = 1;
			remoteGlobalIDString = F85CCEF82E1E258000909F0A;
			remoteInfo = "Pee-iOS";
		};
/* End PBXContainerItemProxy section */

/* Begin PBXFileReference section */
		F8337F1D2E20BAE1006FC08D /* RecordModel.swift */ = {isa = PBXFileReference; lastKnownFileType = sourcecode.swift; path = RecordModel.swift; sourceTree = "<group>"; };
		F8337F1F2E20BC37006FC08D /* RecordListViewModel.swift */ = {isa = PBXFileReference; lastKnownFileType = sourcecode.swift; path = RecordListViewModel.swift; sourceTree = "<group>"; };
		F8337F5C2E20EDD5006FC08D /* DateExtensions.swift */ = {isa = PBXFileReference; lastKnownFileType = sourcecode.swift; path = DateExtensions.swift; sourceTree = "<group>"; };
		F8341DE22E1FD53900328BF8 /* Record.swift */ = {isa = PBXFileReference; lastKnownFileType = sourcecode.swift; path = Record.swift; sourceTree = "<group>"; };
		F8341DE32E1FD53900328BF8 /* RecordRepository.swift */ = {isa = PBXFileReference; lastKnownFileType = sourcecode.swift; path = RecordRepository.swift; sourceTree = "<group>"; };
		F8341DE52E1FD53900328BF8 /* Assets.xcassets */ = {isa = PBXFileReference; lastKnownFileType = folder.assetcatalog; path = Assets.xcassets; sourceTree = "<group>"; };
		F8341DE62E1FD53900328BF8 /* ContentView.swift */ = {isa = PBXFileReference; lastKnownFileType = sourcecode.swift; path = ContentView.swift; sourceTree = "<group>"; };
		F8341DE72E1FD53900328BF8 /* Pee_iOSApp.swift */ = {isa = PBXFileReference; lastKnownFileType = sourcecode.swift; path = Pee_iOSApp.swift; sourceTree = "<group>"; };
		F8341DE82E1FD53900328BF8 /* RecordingView.swift */ = {isa = PBXFileReference; lastKnownFileType = sourcecode.swift; path = RecordingView.swift; sourceTree = "<group>"; };
		F8341DE92E1FD53900328BF8 /* RecordListView.swift */ = {isa = PBXFileReference; lastKnownFileType = sourcecode.swift; path = RecordListView.swift; sourceTree = "<group>"; };
		F85CCEF92E1E258000909F0A /* Pee-iOS.app */ = {isa = PBXFileReference; explicitFileType = wrapper.application; includeInIndex = 0; path = "Pee-iOS.app"; sourceTree = BUILT_PRODUCTS_DIR; };
		F85CCF062E1E258300909F0A /* Pee-iOSTests.xctest */ = {isa = PBXFileReference; explicitFileType = wrapper.cfbundle; includeInIndex = 0; path = "Pee-iOSTests.xctest"; sourceTree = BUILT_PRODUCTS_DIR; };
		F85CCF102E1E258300909F0A /* Pee-iOSUITests.xctest */ = {isa = PBXFileReference; explicitFileType = wrapper.cfbundle; includeInIndex = 0; path = "Pee-iOSUITests.xctest"; sourceTree = BUILT_PRODUCTS_DIR; };
		F86F6B8A2E2005FB00D8BC3D /* RecordViewModel.swift */ = {isa = PBXFileReference; lastKnownFileType = sourcecode.swift; path = RecordViewModel.swift; sourceTree = "<group>"; };
		F885FFAA2E24B7CF00D32638 /* TodayAmountUseCase.swift */ = {isa = PBXFileReference; lastKnownFileType = sourcecode.swift; path = TodayAmountUseCase.swift; sourceTree = "<group>"; };
		F885FFAC2E24B93300D32638 /* TodayTimesUseCase.swift */ = {isa = PBXFileReference; lastKnownFileType = sourcecode.swift; path = TodayTimesUseCase.swift; sourceTree = "<group>"; };
		F885FFAE2E24BA4700D32638 /* TodayPerIntervalUseCase.swift */ = {isa = PBXFileReference; lastKnownFileType = sourcecode.swift; path = TodayPerIntervalUseCase.swift; sourceTree = "<group>"; };
		F885FFB02E24D1B600D32638 /* UrineServiceful.swift */ = {isa = PBXFileReference; lastKnownFileType = sourcecode.swift; path = UrineServiceful.swift; sourceTree = "<group>"; };
		F885FFB22E24D1BC00D32638 /* HomeViewModel.swift */ = {isa = PBXFileReference; lastKnownFileType = sourcecode.swift; path = HomeViewModel.swift; sourceTree = "<group>"; };
		F88F191A2E21F2BC00180E06 /* Route.swift */ = {isa = PBXFileReference; lastKnownFileType = sourcecode.swift; path = Route.swift; sourceTree = "<group>"; };
		F88F191C2E21F2C900180E06 /* RecordCoordinator.swift */ = {isa = PBXFileReference; lastKnownFileType = sourcecode.swift; path = RecordCoordinator.swift; sourceTree = "<group>"; };
/* End PBXFileReference section */

/* Begin PBXFileSystemSynchronizedRootGroup section */
		F85CCF092E1E258300909F0A /* Pee-iOSTests */ = {
			isa = PBXFileSystemSynchronizedRootGroup;
			path = "Pee-iOSTests";
			sourceTree = "<group>";
		};
		F85CCF132E1E258300909F0A /* Pee-iOSUITests */ = {
			isa = PBXFileSystemSynchronizedRootGroup;
			path = "Pee-iOSUITests";
			sourceTree = "<group>";
		};
/* End PBXFileSystemSynchronizedRootGroup section */

/* Begin PBXFrameworksBuildPhase section */
		F85CCEF62E1E258000909F0A /* Frameworks */ = {
			isa = PBXFrameworksBuildPhase;
			buildActionMask = 2147483647;
			files = (
				F8337F582E20DE30006FC08D /* RealmSwift in Frameworks */,
			);
			runOnlyForDeploymentPostprocessing = 0;
		};
		F85CCF032E1E258300909F0A /* Frameworks */ = {
			isa = PBXFrameworksBuildPhase;
			buildActionMask = 2147483647;
			files = (
			);
			runOnlyForDeploymentPostprocessing = 0;
		};
		F85CCF0D2E1E258300909F0A /* Frameworks */ = {
			isa = PBXFrameworksBuildPhase;
			buildActionMask = 2147483647;
			files = (
			);
			runOnlyForDeploymentPostprocessing = 0;
		};
/* End PBXFrameworksBuildPhase section */

/* Begin PBXGroup section */
		F8337F1C2E20BA97006FC08D /* Model */ = {
			isa = PBXGroup;
			children = (
				F8337F1D2E20BAE1006FC08D /* RecordModel.swift */,
			);
			path = Model;
			sourceTree = "<group>";
		};
		F8337F592E20EA2B006FC08D /* Home */ = {
			isa = PBXGroup;
			children = (
				F885FFB22E24D1BC00D32638 /* HomeViewModel.swift */,
				F8341DE62E1FD53900328BF8 /* ContentView.swift */,
			);
			path = Home;
			sourceTree = "<group>";
		};
		F8337F5A2E20EA37006FC08D /* RecordList */ = {
			isa = PBXGroup;
			children = (
				F8341DF22E1FD53F00328BF8 /* ViewModel */,
				F8341DE92E1FD53900328BF8 /* RecordListView.swift */,
			);
			path = RecordList;
			sourceTree = "<group>";
		};
		F8337F5B2E20EDCD006FC08D /* Comon */ = {
			isa = PBXGroup;
			children = (
				F8337F5C2E20EDD5006FC08D /* DateExtensions.swift */,
			);
			path = Comon;
			sourceTree = "<group>";
		};
		F8337F5E2E20EFAD006FC08D /* Record */ = {
			isa = PBXGroup;
			children = (
				F8337F5F2E20EFB8006FC08D /* ViewModel */,
				F8341DE82E1FD53900328BF8 /* RecordingView.swift */,
			);
			path = Record;
			sourceTree = "<group>";
		};
		F8337F5F2E20EFB8006FC08D /* ViewModel */ = {
			isa = PBXGroup;
			children = (
				F86F6B8A2E2005FB00D8BC3D /* RecordViewModel.swift */,
			);
			path = ViewModel;
			sourceTree = "<group>";
		};
		F8341DE42E1FD53900328BF8 /* Data */ = {
			isa = PBXGroup;
			children = (
				F8341DE22E1FD53900328BF8 /* Record.swift */,
				F8341DE32E1FD53900328BF8 /* RecordRepository.swift */,
			);
			path = Data;
			sourceTree = "<group>";
		};
		F8341DEA2E1FD53900328BF8 /* Pee-iOS */ = {
			isa = PBXGroup;
			children = (
				F885FFA92E24B7BE00D32638 /* UseCase */,
				F88F19192E21F2B100180E06 /* Coordinator */,
				F8337F5E2E20EFAD006FC08D /* Record */,
				F8337F5B2E20EDCD006FC08D /* Comon */,
				F8337F5A2E20EA37006FC08D /* RecordList */,
				F8337F592E20EA2B006FC08D /* Home */,
				F8337F1C2E20BA97006FC08D /* Model */,
				F8341DE42E1FD53900328BF8 /* Data */,
				F8341DE52E1FD53900328BF8 /* Assets.xcassets */,
				F8341DE72E1FD53900328BF8 /* Pee_iOSApp.swift */,
			);
			path = "Pee-iOS";
			sourceTree = "<group>";
		};
		F8341DF22E1FD53F00328BF8 /* ViewModel */ = {
			isa = PBXGroup;
			children = (
				F8337F1F2E20BC37006FC08D /* RecordListViewModel.swift */,
			);
			path = ViewModel;
			sourceTree = "<group>";
		};
		F85CCEF02E1E258000909F0A = {
			isa = PBXGroup;
			children = (
				F8341DEA2E1FD53900328BF8 /* Pee-iOS */,
				F85CCF092E1E258300909F0A /* Pee-iOSTests */,
				F85CCF132E1E258300909F0A /* Pee-iOSUITests */,
				F85CCEFA2E1E258000909F0A /* Products */,
			);
			sourceTree = "<group>";
		};
		F85CCEFA2E1E258000909F0A /* Products */ = {
			isa = PBXGroup;
			children = (
				F85CCEF92E1E258000909F0A /* Pee-iOS.app */,
				F85CCF062E1E258300909F0A /* Pee-iOSTests.xctest */,
				F85CCF102E1E258300909F0A /* Pee-iOSUITests.xctest */,
			);
			name = Products;
			sourceTree = "<group>";
		};
		F885FFA92E24B7BE00D32638 /* UseCase */ = {
			isa = PBXGroup;
			children = (
				F885FFB02E24D1B600D32638 /* UrineServiceful.swift */,
				F885FFAE2E24BA4700D32638 /* TodayPerIntervalUseCase.swift */,
				F885FFAC2E24B93300D32638 /* TodayTimesUseCase.swift */,
				F885FFAA2E24B7CF00D32638 /* TodayAmountUseCase.swift */,
			);
			path = UseCase;
			sourceTree = "<group>";
		};
		F88F19192E21F2B100180E06 /* Coordinator */ = {
			isa = PBXGroup;
			children = (
				F88F191C2E21F2C900180E06 /* RecordCoordinator.swift */,
				F88F191A2E21F2BC00180E06 /* Route.swift */,
			);
			path = Coordinator;
			sourceTree = "<group>";
		};
/* End PBXGroup section */

/* Begin PBXNativeTarget section */
		F85CCEF82E1E258000909F0A /* Pee-iOS */ = {
			isa = PBXNativeTarget;
			buildConfigurationList = F85CCF1A2E1E258300909F0A /* Build configuration list for PBXNativeTarget "Pee-iOS" */;
			buildPhases = (
				F85CCEF52E1E258000909F0A /* Sources */,
				F85CCEF62E1E258000909F0A /* Frameworks */,
				F85CCEF72E1E258000909F0A /* Resources */,
			);
			buildRules = (
			);
			dependencies = (
			);
			name = "Pee-iOS";
			packageProductDependencies = (
				F8337F572E20DE30006FC08D /* RealmSwift */,
			);
			productName = "Pee-iOS";
			productReference = F85CCEF92E1E258000909F0A /* Pee-iOS.app */;
			productType = "com.apple.product-type.application";
		};
		F85CCF052E1E258300909F0A /* Pee-iOSTests */ = {
			isa = PBXNativeTarget;
			buildConfigurationList = F85CCF1D2E1E258300909F0A /* Build configuration list for PBXNativeTarget "Pee-iOSTests" */;
			buildPhases = (
				F85CCF022E1E258300909F0A /* Sources */,
				F85CCF032E1E258300909F0A /* Frameworks */,
				F85CCF042E1E258300909F0A /* Resources */,
			);
			buildRules = (
			);
			dependencies = (
				F85CCF082E1E258300909F0A /* PBXTargetDependency */,
			);
			fileSystemSynchronizedGroups = (
				F85CCF092E1E258300909F0A /* Pee-iOSTests */,
			);
			name = "Pee-iOSTests";
			packageProductDependencies = (
			);
			productName = "Pee-iOSTests";
			productReference = F85CCF062E1E258300909F0A /* Pee-iOSTests.xctest */;
			productType = "com.apple.product-type.bundle.unit-test";
		};
		F85CCF0F2E1E258300909F0A /* Pee-iOSUITests */ = {
			isa = PBXNativeTarget;
			buildConfigurationList = F85CCF202E1E258300909F0A /* Build configuration list for PBXNativeTarget "Pee-iOSUITests" */;
			buildPhases = (
				F85CCF0C2E1E258300909F0A /* Sources */,
				F85CCF0D2E1E258300909F0A /* Frameworks */,
				F85CCF0E2E1E258300909F0A /* Resources */,
			);
			buildRules = (
			);
			dependencies = (
				F85CCF122E1E258300909F0A /* PBXTargetDependency */,
			);
			fileSystemSynchronizedGroups = (
				F85CCF132E1E258300909F0A /* Pee-iOSUITests */,
			);
			name = "Pee-iOSUITests";
			packageProductDependencies = (
			);
			productName = "Pee-iOSUITests";
			productReference = F85CCF102E1E258300909F0A /* Pee-iOSUITests.xctest */;
			productType = "com.apple.product-type.bundle.ui-testing";
		};
/* End PBXNativeTarget section */

/* Begin PBXProject section */
		F85CCEF12E1E258000909F0A /* Project object */ = {
			isa = PBXProject;
			attributes = {
				BuildIndependentTargetsInParallel = 1;
				LastSwiftUpdateCheck = 1640;
				LastUpgradeCheck = 1640;
				TargetAttributes = {
					F85CCEF82E1E258000909F0A = {
						CreatedOnToolsVersion = 16.4;
					};
					F85CCF052E1E258300909F0A = {
						CreatedOnToolsVersion = 16.4;
						TestTargetID = F85CCEF82E1E258000909F0A;
					};
					F85CCF0F2E1E258300909F0A = {
						CreatedOnToolsVersion = 16.4;
						TestTargetID = F85CCEF82E1E258000909F0A;
					};
				};
			};
			buildConfigurationList = F85CCEF42E1E258000909F0A /* Build configuration list for PBXProject "Pee-iOS" */;
			developmentRegion = en;
			hasScannedForEncodings = 0;
			knownRegions = (
				en,
				Base,
			);
			mainGroup = F85CCEF02E1E258000909F0A;
			minimizedProjectReferenceProxies = 1;
			packageReferences = (
				F8337F562E20DE30006FC08D /* XCRemoteSwiftPackageReference "realm-swift" */,
			);
			preferredProjectObjectVersion = 77;
			productRefGroup = F85CCEFA2E1E258000909F0A /* Products */;
			projectDirPath = "";
			projectRoot = "";
			targets = (
				F85CCEF82E1E258000909F0A /* Pee-iOS */,
				F85CCF052E1E258300909F0A /* Pee-iOSTests */,
				F85CCF0F2E1E258300909F0A /* Pee-iOSUITests */,
			);
		};
/* End PBXProject section */

/* Begin PBXResourcesBuildPhase section */
		F85CCEF72E1E258000909F0A /* Resources */ = {
			isa = PBXResourcesBuildPhase;
			buildActionMask = 2147483647;
			files = (
				F8341DF12E1FD53900328BF8 /* Assets.xcassets in Resources */,
			);
			runOnlyForDeploymentPostprocessing = 0;
		};
		F85CCF042E1E258300909F0A /* Resources */ = {
			isa = PBXResourcesBuildPhase;
			buildActionMask = 2147483647;
			files = (
			);
			runOnlyForDeploymentPostprocessing = 0;
		};
		F85CCF0E2E1E258300909F0A /* Resources */ = {
			isa = PBXResourcesBuildPhase;
			buildActionMask = 2147483647;
			files = (
			);
			runOnlyForDeploymentPostprocessing = 0;
		};
/* End PBXResourcesBuildPhase section */

/* Begin PBXSourcesBuildPhase section */
		F85CCEF52E1E258000909F0A /* Sources */ = {
			isa = PBXSourcesBuildPhase;
			buildActionMask = 2147483647;
			files = (
				F885FFB32E24D1BC00D32638 /* HomeViewModel.swift in Sources */,
				F8341DEB2E1FD53900328BF8 /* Record.swift in Sources */,
				F88F191D2E21F2C900180E06 /* RecordCoordinator.swift in Sources */,
				F86F6B8B2E2005FB00D8BC3D /* RecordViewModel.swift in Sources */,
				F88F191B2E21F2BC00180E06 /* Route.swift in Sources */,
				F8337F1E2E20BAE1006FC08D /* RecordModel.swift in Sources */,
				F8341DEC2E1FD53900328BF8 /* RecordRepository.swift in Sources */,
				F8341DED2E1FD53900328BF8 /* ContentView.swift in Sources */,
				F8337F5D2E20EDD5006FC08D /* DateExtensions.swift in Sources */,
				F8337F202E20BC37006FC08D /* RecordListViewModel.swift in Sources */,
				F885FFAB2E24B7CF00D32638 /* TodayAmountUseCase.swift in Sources */,
				F8341DEE2E1FD53900328BF8 /* Pee_iOSApp.swift in Sources */,
				F885FFB12E24D1B600D32638 /* UrineServiceful.swift in Sources */,
				F885FFAF2E24BA4700D32638 /* TodayPerIntervalUseCase.swift in Sources */,
				F8341DEF2E1FD53900328BF8 /* RecordingView.swift in Sources */,
				F885FFAD2E24B93300D32638 /* TodayTimesUseCase.swift in Sources */,
				F8341DF02E1FD53900328BF8 /* RecordListView.swift in Sources */,
			);
			runOnlyForDeploymentPostprocessing = 0;
		};
		F85CCF022E1E258300909F0A /* Sources */ = {
			isa = PBXSourcesBuildPhase;
			buildActionMask = 2147483647;
			files = (
			);
			runOnlyForDeploymentPostprocessing = 0;
		};
		F85CCF0C2E1E258300909F0A /* Sources */ = {
			isa = PBXSourcesBuildPhase;
			buildActionMask = 2147483647;
			files = (
			);
			runOnlyForDeploymentPostprocessing = 0;
		};
/* End PBXSourcesBuildPhase section */

/* Begin PBXTargetDependency section */
		F85CCF082E1E258300909F0A /* PBXTargetDependency */ = {
			isa = PBXTargetDependency;
			target = F85CCEF82E1E258000909F0A /* Pee-iOS */;
			targetProxy = F85CCF072E1E258300909F0A /* PBXContainerItemProxy */;
		};
		F85CCF122E1E258300909F0A /* PBXTargetDependency */ = {
			isa = PBXTargetDependency;
			target = F85CCEF82E1E258000909F0A /* Pee-iOS */;
			targetProxy = F85CCF112E1E258300909F0A /* PBXContainerItemProxy */;
		};
/* End PBXTargetDependency section */

/* Begin XCBuildConfiguration section */
		F85CCF182E1E258300909F0A /* Debug */ = {
			isa = XCBuildConfiguration;
			buildSettings = {
				ALWAYS_SEARCH_USER_PATHS = NO;
				ASSETCATALOG_COMPILER_GENERATE_SWIFT_ASSET_SYMBOL_EXTENSIONS = YES;
				CLANG_ANALYZER_NONNULL = YES;
				CLANG_ANALYZER_NUMBER_OBJECT_CONVERSION = YES_AGGRESSIVE;
				CLANG_CXX_LANGUAGE_STANDARD = "gnu++20";
				CLANG_ENABLE_MODULES = YES;
				CLANG_ENABLE_OBJC_ARC = YES;
				CLANG_ENABLE_OBJC_WEAK = YES;
				CLANG_WARN_BLOCK_CAPTURE_AUTORELEASING = YES;
				CLANG_WARN_BOOL_CONVERSION = YES;
				CLANG_WARN_COMMA = YES;
				CLANG_WARN_CONSTANT_CONVERSION = YES;
				CLANG_WARN_DEPRECATED_OBJC_IMPLEMENTATIONS = YES;
				CLANG_WARN_DIRECT_OBJC_ISA_USAGE = YES_ERROR;
				CLANG_WARN_DOCUMENTATION_COMMENTS = YES;
				CLANG_WARN_EMPTY_BODY = YES;
				CLANG_WARN_ENUM_CONVERSION = YES;
				CLANG_WARN_INFINITE_RECURSION = YES;
				CLANG_WARN_INT_CONVERSION = YES;
				CLANG_WARN_NON_LITERAL_NULL_CONVERSION = YES;
				CLANG_WARN_OBJC_IMPLICIT_RETAIN_SELF = YES;
				CLANG_WARN_OBJC_LITERAL_CONVERSION = YES;
				CLANG_WARN_OBJC_ROOT_CLASS = YES_ERROR;
				CLANG_WARN_QUOTED_INCLUDE_IN_FRAMEWORK_HEADER = YES;
				CLANG_WARN_RANGE_LOOP_ANALYSIS = YES;
				CLANG_WARN_STRICT_PROTOTYPES = YES;
				CLANG_WARN_SUSPICIOUS_MOVE = YES;
				CLANG_WARN_UNGUARDED_AVAILABILITY = YES_AGGRESSIVE;
				CLANG_WARN_UNREACHABLE_CODE = YES;
				CLANG_WARN__DUPLICATE_METHOD_MATCH = YES;
				COPY_PHASE_STRIP = NO;
				DEBUG_INFORMATION_FORMAT = dwarf;
				DEVELOPMENT_TEAM = KWU77R3TC2;
				ENABLE_STRICT_OBJC_MSGSEND = YES;
				ENABLE_TESTABILITY = YES;
				ENABLE_USER_SCRIPT_SANDBOXING = YES;
				GCC_C_LANGUAGE_STANDARD = gnu17;
				GCC_DYNAMIC_NO_PIC = NO;
				GCC_NO_COMMON_BLOCKS = YES;
				GCC_OPTIMIZATION_LEVEL = 0;
				GCC_PREPROCESSOR_DEFINITIONS = (
					"DEBUG=1",
					"$(inherited)",
				);
				GCC_WARN_64_TO_32_BIT_CONVERSION = YES;
				GCC_WARN_ABOUT_RETURN_TYPE = YES_ERROR;
				GCC_WARN_UNDECLARED_SELECTOR = YES;
				GCC_WARN_UNINITIALIZED_AUTOS = YES_AGGRESSIVE;
				GCC_WARN_UNUSED_FUNCTION = YES;
				GCC_WARN_UNUSED_VARIABLE = YES;
				IPHONEOS_DEPLOYMENT_TARGET = 18.5;
				LOCALIZATION_PREFERS_STRING_CATALOGS = YES;
				MTL_ENABLE_DEBUG_INFO = INCLUDE_SOURCE;
				MTL_FAST_MATH = YES;
				ONLY_ACTIVE_ARCH = YES;
				SDKROOT = iphoneos;
				SWIFT_ACTIVE_COMPILATION_CONDITIONS = "DEBUG $(inherited)";
				SWIFT_OPTIMIZATION_LEVEL = "-Onone";
			};
			name = Debug;
		};
		F85CCF192E1E258300909F0A /* Release */ = {
			isa = XCBuildConfiguration;
			buildSettings = {
				ALWAYS_SEARCH_USER_PATHS = NO;
				ASSETCATALOG_COMPILER_GENERATE_SWIFT_ASSET_SYMBOL_EXTENSIONS = YES;
				CLANG_ANALYZER_NONNULL = YES;
				CLANG_ANALYZER_NUMBER_OBJECT_CONVERSION = YES_AGGRESSIVE;
				CLANG_CXX_LANGUAGE_STANDARD = "gnu++20";
				CLANG_ENABLE_MODULES = YES;
				CLANG_ENABLE_OBJC_ARC = YES;
				CLANG_ENABLE_OBJC_WEAK = YES;
				CLANG_WARN_BLOCK_CAPTURE_AUTORELEASING = YES;
				CLANG_WARN_BOOL_CONVERSION = YES;
				CLANG_WARN_COMMA = YES;
				CLANG_WARN_CONSTANT_CONVERSION = YES;
				CLANG_WARN_DEPRECATED_OBJC_IMPLEMENTATIONS = YES;
				CLANG_WARN_DIRECT_OBJC_ISA_USAGE = YES_ERROR;
				CLANG_WARN_DOCUMENTATION_COMMENTS = YES;
				CLANG_WARN_EMPTY_BODY = YES;
				CLANG_WARN_ENUM_CONVERSION = YES;
				CLANG_WARN_INFINITE_RECURSION = YES;
				CLANG_WARN_INT_CONVERSION = YES;
				CLANG_WARN_NON_LITERAL_NULL_CONVERSION = YES;
				CLANG_WARN_OBJC_IMPLICIT_RETAIN_SELF = YES;
				CLANG_WARN_OBJC_LITERAL_CONVERSION = YES;
				CLANG_WARN_OBJC_ROOT_CLASS = YES_ERROR;
				CLANG_WARN_QUOTED_INCLUDE_IN_FRAMEWORK_HEADER = YES;
				CLANG_WARN_RANGE_LOOP_ANALYSIS = YES;
				CLANG_WARN_STRICT_PROTOTYPES = YES;
				CLANG_WARN_SUSPICIOUS_MOVE = YES;
				CLANG_WARN_UNGUARDED_AVAILABILITY = YES_AGGRESSIVE;
				CLANG_WARN_UNREACHABLE_CODE = YES;
				CLANG_WARN__DUPLICATE_METHOD_MATCH = YES;
				COPY_PHASE_STRIP = NO;
				DEBUG_INFORMATION_FORMAT = "dwarf-with-dsym";
				DEVELOPMENT_TEAM = KWU77R3TC2;
				ENABLE_NS_ASSERTIONS = NO;
				ENABLE_STRICT_OBJC_MSGSEND = YES;
				ENABLE_USER_SCRIPT_SANDBOXING = YES;
				GCC_C_LANGUAGE_STANDARD = gnu17;
				GCC_NO_COMMON_BLOCKS = YES;
				GCC_WARN_64_TO_32_BIT_CONVERSION = YES;
				GCC_WARN_ABOUT_RETURN_TYPE = YES_ERROR;
				GCC_WARN_UNDECLARED_SELECTOR = YES;
				GCC_WARN_UNINITIALIZED_AUTOS = YES_AGGRESSIVE;
				GCC_WARN_UNUSED_FUNCTION = YES;
				GCC_WARN_UNUSED_VARIABLE = YES;
				IPHONEOS_DEPLOYMENT_TARGET = 18.5;
				LOCALIZATION_PREFERS_STRING_CATALOGS = YES;
				MTL_ENABLE_DEBUG_INFO = NO;
				MTL_FAST_MATH = YES;
				SDKROOT = iphoneos;
				SWIFT_COMPILATION_MODE = wholemodule;
				VALIDATE_PRODUCT = YES;
			};
			name = Release;
		};
		F85CCF1B2E1E258300909F0A /* Debug */ = {
			isa = XCBuildConfiguration;
			buildSettings = {
				ASSETCATALOG_COMPILER_APPICON_NAME = AppIcon;
				ASSETCATALOG_COMPILER_GLOBAL_ACCENT_COLOR_NAME = AccentColor;
				CODE_SIGN_STYLE = Automatic;
				CURRENT_PROJECT_VERSION = 1;
				DEVELOPMENT_TEAM = KWU77R3TC2;
				ENABLE_PREVIEWS = YES;
				GENERATE_INFOPLIST_FILE = YES;
				INFOPLIST_KEY_UIApplicationSceneManifest_Generation = YES;
				INFOPLIST_KEY_UIApplicationSupportsIndirectInputEvents = YES;
				INFOPLIST_KEY_UILaunchScreen_Generation = YES;
				INFOPLIST_KEY_UISupportedInterfaceOrientations_iPad = "UIInterfaceOrientationPortrait UIInterfaceOrientationPortraitUpsideDown UIInterfaceOrientationLandscapeLeft UIInterfaceOrientationLandscapeRight";
				INFOPLIST_KEY_UISupportedInterfaceOrientations_iPhone = "UIInterfaceOrientationPortrait UIInterfaceOrientationLandscapeLeft UIInterfaceOrientationLandscapeRight";
				LD_RUNPATH_SEARCH_PATHS = (
					"$(inherited)",
					"@executable_path/Frameworks",
				);
				MARKETING_VERSION = 1.0;
				PRODUCT_BUNDLE_IDENTIFIER = "com.renjun.Pee-iOS";
				PRODUCT_NAME = "$(TARGET_NAME)";
				SWIFT_EMIT_LOC_STRINGS = YES;
				SWIFT_VERSION = 5.0;
				TARGETED_DEVICE_FAMILY = "1,2";
			};
			name = Debug;
		};
		F85CCF1C2E1E258300909F0A /* Release */ = {
			isa = XCBuildConfiguration;
			buildSettings = {
				ASSETCATALOG_COMPILER_APPICON_NAME = AppIcon;
				ASSETCATALOG_COMPILER_GLOBAL_ACCENT_COLOR_NAME = AccentColor;
				CODE_SIGN_STYLE = Automatic;
				CURRENT_PROJECT_VERSION = 1;
				DEVELOPMENT_TEAM = KWU77R3TC2;
				ENABLE_PREVIEWS = YES;
				GENERATE_INFOPLIST_FILE = YES;
				INFOPLIST_KEY_UIApplicationSceneManifest_Generation = YES;
				INFOPLIST_KEY_UIApplicationSupportsIndirectInputEvents = YES;
				INFOPLIST_KEY_UILaunchScreen_Generation = YES;
				INFOPLIST_KEY_UISupportedInterfaceOrientations_iPad = "UIInterfaceOrientationPortrait UIInterfaceOrientationPortraitUpsideDown UIInterfaceOrientationLandscapeLeft UIInterfaceOrientationLandscapeRight";
				INFOPLIST_KEY_UISupportedInterfaceOrientations_iPhone = "UIInterfaceOrientationPortrait UIInterfaceOrientationLandscapeLeft UIInterfaceOrientationLandscapeRight";
				LD_RUNPATH_SEARCH_PATHS = (
					"$(inherited)",
					"@executable_path/Frameworks",
				);
				MARKETING_VERSION = 1.0;
				PRODUCT_BUNDLE_IDENTIFIER = "com.renjun.Pee-iOS";
				PRODUCT_NAME = "$(TARGET_NAME)";
				SWIFT_EMIT_LOC_STRINGS = YES;
				SWIFT_VERSION = 5.0;
				TARGETED_DEVICE_FAMILY = "1,2";
			};
			name = Release;
		};
		F85CCF1E2E1E258300909F0A /* Debug */ = {
			isa = XCBuildConfiguration;
			buildSettings = {
				BUNDLE_LOADER = "$(TEST_HOST)";
				CODE_SIGN_STYLE = Automatic;
				CURRENT_PROJECT_VERSION = 1;
				DEVELOPMENT_TEAM = KWU77R3TC2;
				GENERATE_INFOPLIST_FILE = YES;
				IPHONEOS_DEPLOYMENT_TARGET = 18.5;
				MARKETING_VERSION = 1.0;
				PRODUCT_BUNDLE_IDENTIFIER = "com.renjun.Pee-iOSTests";
				PRODUCT_NAME = "$(TARGET_NAME)";
				SWIFT_EMIT_LOC_STRINGS = NO;
				SWIFT_VERSION = 5.0;
				TARGETED_DEVICE_FAMILY = "1,2";
				TEST_HOST = "$(BUILT_PRODUCTS_DIR)/Pee-iOS.app/$(BUNDLE_EXECUTABLE_FOLDER_PATH)/Pee-iOS";
			};
			name = Debug;
		};
		F85CCF1F2E1E258300909F0A /* Release */ = {
			isa = XCBuildConfiguration;
			buildSettings = {
				BUNDLE_LOADER = "$(TEST_HOST)";
				CODE_SIGN_STYLE = Automatic;
				CURRENT_PROJECT_VERSION = 1;
				DEVELOPMENT_TEAM = KWU77R3TC2;
				GENERATE_INFOPLIST_FILE = YES;
				IPHONEOS_DEPLOYMENT_TARGET = 18.5;
				MARKETING_VERSION = 1.0;
				PRODUCT_BUNDLE_IDENTIFIER = "com.renjun.Pee-iOSTests";
				PRODUCT_NAME = "$(TARGET_NAME)";
				SWIFT_EMIT_LOC_STRINGS = NO;
				SWIFT_VERSION = 5.0;
				TARGETED_DEVICE_FAMILY = "1,2";
				TEST_HOST = "$(BUILT_PRODUCTS_DIR)/Pee-iOS.app/$(BUNDLE_EXECUTABLE_FOLDER_PATH)/Pee-iOS";
			};
			name = Release;
		};
		F85CCF212E1E258300909F0A /* Debug */ = {
			isa = XCBuildConfiguration;
			buildSettings = {
				CODE_SIGN_STYLE = Automatic;
				CURRENT_PROJECT_VERSION = 1;
				DEVELOPMENT_TEAM = KWU77R3TC2;
				GENERATE_INFOPLIST_FILE = YES;
				MARKETING_VERSION = 1.0;
				PRODUCT_BUNDLE_IDENTIFIER = "com.renjun.Pee-iOSUITests";
				PRODUCT_NAME = "$(TARGET_NAME)";
				SWIFT_EMIT_LOC_STRINGS = NO;
				SWIFT_VERSION = 5.0;
				TARGETED_DEVICE_FAMILY = "1,2";
				TEST_TARGET_NAME = "Pee-iOS";
			};
			name = Debug;
		};
		F85CCF222E1E258300909F0A /* Release */ = {
			isa = XCBuildConfiguration;
			buildSettings = {
				CODE_SIGN_STYLE = Automatic;
				CURRENT_PROJECT_VERSION = 1;
				DEVELOPMENT_TEAM = KWU77R3TC2;
				GENERATE_INFOPLIST_FILE = YES;
				MARKETING_VERSION = 1.0;
				PRODUCT_BUNDLE_IDENTIFIER = "com.renjun.Pee-iOSUITests";
				PRODUCT_NAME = "$(TARGET_NAME)";
				SWIFT_EMIT_LOC_STRINGS = NO;
				SWIFT_VERSION = 5.0;
				TARGETED_DEVICE_FAMILY = "1,2";
				TEST_TARGET_NAME = "Pee-iOS";
			};
			name = Release;
		};
/* End XCBuildConfiguration section */

/* Begin XCConfigurationList section */
		F85CCEF42E1E258000909F0A /* Build configuration list for PBXProject "Pee-iOS" */ = {
			isa = XCConfigurationList;
			buildConfigurations = (
				F85CCF182E1E258300909F0A /* Debug */,
				F85CCF192E1E258300909F0A /* Release */,
			);
			defaultConfigurationIsVisible = 0;
			defaultConfigurationName = Release;
		};
		F85CCF1A2E1E258300909F0A /* Build configuration list for PBXNativeTarget "Pee-iOS" */ = {
			isa = XCConfigurationList;
			buildConfigurations = (
				F85CCF1B2E1E258300909F0A /* Debug */,
				F85CCF1C2E1E258300909F0A /* Release */,
			);
			defaultConfigurationIsVisible = 0;
			defaultConfigurationName = Release;
		};
		F85CCF1D2E1E258300909F0A /* Build configuration list for PBXNativeTarget "Pee-iOSTests" */ = {
			isa = XCConfigurationList;
			buildConfigurations = (
				F85CCF1E2E1E258300909F0A /* Debug */,
				F85CCF1F2E1E258300909F0A /* Release */,
			);
			defaultConfigurationIsVisible = 0;
			defaultConfigurationName = Release;
		};
		F85CCF202E1E258300909F0A /* Build configuration list for PBXNativeTarget "Pee-iOSUITests" */ = {
			isa = XCConfigurationList;
			buildConfigurations = (
				F85CCF212E1E258300909F0A /* Debug */,
				F85CCF222E1E258300909F0A /* Release */,
			);
			defaultConfigurationIsVisible = 0;
			defaultConfigurationName = Release;
		};
/* End XCConfigurationList section */

/* Begin XCRemoteSwiftPackageReference section */
		F8337F562E20DE30006FC08D /* XCRemoteSwiftPackageReference "realm-swift" */ = {
			isa = XCRemoteSwiftPackageReference;
			repositoryURL = "https://github.com/realm/realm-swift.git";
			requirement = {
				branch = master;
				kind = branch;
			};
		};
/* End XCRemoteSwiftPackageReference section */

/* Begin XCSwiftPackageProductDependency section */
		F8337F572E20DE30006FC08D /* RealmSwift */ = {
			isa = XCSwiftPackageProductDependency;
			package = F8337F562E20DE30006FC08D /* XCRemoteSwiftPackageReference "realm-swift" */;
			productName = RealmSwift;
		};
/* End XCSwiftPackageProductDependency section */
	};
	rootObject = F85CCEF12E1E258000909F0A /* Project object */;
}
